// !$*UTF8*$!
{
	archiveVersion = 1;
	classes = {
	};
	objectVersion = 46;
	objects = {

/* Begin PBXBuildFile section */
		6ED453431CA4286F00299A59 /* main.m in Sources */ = {isa = PBXBuildFile; fileRef = 6ED453421CA4286F00299A59 /* main.m */; };
		6ED453461CA4286F00299A59 /* AppDelegate.m in Sources */ = {isa = PBXBuildFile; fileRef = 6ED453451CA4286F00299A59 /* AppDelegate.m */; };
		6ED453491CA4286F00299A59 /* ViewController.m in Sources */ = {isa = PBXBuildFile; fileRef = 6ED453481CA4286F00299A59 /* ViewController.m */; };
		6ED4534C1CA4286F00299A59 /* Main.storyboard in Resources */ = {isa = PBXBuildFile; fileRef = 6ED4534A1CA4286F00299A59 /* Main.storyboard */; };
		6ED4534E1CA4286F00299A59 /* Assets.xcassets in Resources */ = {isa = PBXBuildFile; fileRef = 6ED4534D1CA4286F00299A59 /* Assets.xcassets */; };
		6ED453511CA4286F00299A59 /* LaunchScreen.storyboard in Resources */ = {isa = PBXBuildFile; fileRef = 6ED4534F1CA4286F00299A59 /* LaunchScreen.storyboard */; };
		6ED4535C1CA4288D00299A59 /* ESTabBar.m in Sources */ = {isa = PBXBuildFile; fileRef = 6ED4535A1CA4288D00299A59 /* ESTabBar.m */; };
		6ED4535D1CA4288D00299A59 /* ESTabView.m in Sources */ = {isa = PBXBuildFile; fileRef = 6ED4535B1CA4288D00299A59 /* ESTabView.m */; };
/* End PBXBuildFile section */

/* Begin PBXFileReference section */
		6ED4533E1CA4286F00299A59 /* ESTabViewDemo.app */ = {isa = PBXFileReference; explicitFileType = wrapper.application; includeInIndex = 0; path = ESTabViewDemo.app; sourceTree = BUILT_PRODUCTS_DIR; };
		6ED453421CA4286F00299A59 /* main.m */ = {isa = PBXFileReference; lastKnownFileType = sourcecode.c.objc; path = main.m; sourceTree = "<group>"; };
		6ED453441CA4286F00299A59 /* AppDelegate.h */ = {isa = PBXFileReference; lastKnownFileType = sourcecode.c.h; path = AppDelegate.h; sourceTree = "<group>"; };
		6ED453451CA4286F00299A59 /* AppDelegate.m */ = {isa = PBXFileReference; lastKnownFileType = sourcecode.c.objc; path = AppDelegate.m; sourceTree = "<group>"; };
		6ED453471CA4286F00299A59 /* ViewController.h */ = {isa = PBXFileReference; lastKnownFileType = sourcecode.c.h; path = ViewController.h; sourceTree = "<group>"; };
		6ED453481CA4286F00299A59 /* ViewController.m */ = {isa = PBXFileReference; lastKnownFileType = sourcecode.c.objc; path = ViewController.m; sourceTree = "<group>"; };
		6ED4534B1CA4286F00299A59 /* Base */ = {isa = PBXFileReference; lastKnownFileType = file.storyboard; name = Base; path = Base.lproj/Main.storyboard; sourceTree = "<group>"; };
		6ED4534D1CA4286F00299A59 /* Assets.xcassets */ = {isa = PBXFileReference; lastKnownFileType = folder.assetcatalog; path = Assets.xcassets; sourceTree = "<group>"; };
		6ED453501CA4286F00299A59 /* Base */ = {isa = PBXFileReference; lastKnownFileType = file.storyboard; name = Base; path = Base.lproj/LaunchScreen.storyboard; sourceTree = "<group>"; };
		6ED453521CA4286F00299A59 /* Info.plist */ = {isa = PBXFileReference; lastKnownFileType = text.plist.xml; path = Info.plist; sourceTree = "<group>"; };
		6ED453581CA4288D00299A59 /* ESTabView.h */ = {isa = PBXFileReference; fileEncoding = 4; lastKnownFileType = sourcecode.c.h; path = ESTabView.h; sourceTree = "<group>"; };
		6ED453591CA4288D00299A59 /* ESTabBar.h */ = {isa = PBXFileReference; fileEncoding = 4; lastKnownFileType = sourcecode.c.h; path = ESTabBar.h; sourceTree = "<group>"; };
		6ED4535A1CA4288D00299A59 /* ESTabBar.m */ = {isa = PBXFileReference; fileEncoding = 4; lastKnownFileType = sourcecode.c.objc; path = ESTabBar.m; sourceTree = "<group>"; };
		6ED4535B1CA4288D00299A59 /* ESTabView.m */ = {isa = PBXFileReference; fileEncoding = 4; lastKnownFileType = sourcecode.c.objc; path = ESTabView.m; sourceTree = "<group>"; };
/* End PBXFileReference section */

/* Begin PBXFrameworksBuildPhase section */
		6ED4533B1CA4286F00299A59 /* Frameworks */ = {
			isa = PBXFrameworksBuildPhase;
			buildActionMask = 2147483647;
			files = (
			);
			runOnlyForDeploymentPostprocessing = 0;
		};
/* End PBXFrameworksBuildPhase section */

/* Begin PBXGroup section */
		6ED453351CA4286F00299A59 = {
			isa = PBXGroup;
			children = (
				6ED453591CA4288D00299A59 /* ESTabBar.h */,
				6ED4535A1CA4288D00299A59 /* ESTabBar.m */,
				6ED453581CA4288D00299A59 /* ESTabView.h */,
				6ED4535B1CA4288D00299A59 /* ESTabView.m */,
				6ED453401CA4286F00299A59 /* ESTabViewDemo */,
				6ED4533F1CA4286F00299A59 /* Products */,
			);
			sourceTree = "<group>";
		};
		6ED4533F1CA4286F00299A59 /* Products */ = {
			isa = PBXGroup;
			children = (
				6ED4533E1CA4286F00299A59 /* ESTabViewDemo.app */,
			);
			name = Products;
			sourceTree = "<group>";
		};
		6ED453401CA4286F00299A59 /* ESTabViewDemo */ = {
			isa = PBXGroup;
			children = (
				6ED453441CA4286F00299A59 /* AppDelegate.h */,
				6ED453451CA4286F00299A59 /* AppDelegate.m */,
				6ED453471CA4286F00299A59 /* ViewController.h */,
				6ED453481CA4286F00299A59 /* ViewController.m */,
				6ED4534A1CA4286F00299A59 /* Main.storyboard */,
				6ED4534D1CA4286F00299A59 /* Assets.xcassets */,
				6ED4534F1CA4286F00299A59 /* LaunchScreen.storyboard */,
				6ED453521CA4286F00299A59 /* Info.plist */,
				6ED453411CA4286F00299A59 /* Supporting Files */,
			);
			path = ESTabViewDemo;
			sourceTree = "<group>";
		};
		6ED453411CA4286F00299A59 /* Supporting Files */ = {
			isa = PBXGroup;
			children = (
				6ED453421CA4286F00299A59 /* main.m */,
			);
			name = "Supporting Files";
			sourceTree = "<group>";
		};
/* End PBXGroup section */

/* Begin PBXNativeTarget section */
		6ED4533D1CA4286F00299A59 /* ESTabViewDemo */ = {
			isa = PBXNativeTarget;
			buildConfigurationList = 6ED453551CA4286F00299A59 /* Build configuration list for PBXNativeTarget "ESTabViewDemo" */;
			buildPhases = (
				6ED4533A1CA4286F00299A59 /* Sources */,
				6ED4533B1CA4286F00299A59 /* Frameworks */,
				6ED4533C1CA4286F00299A59 /* Resources */,
			);
			buildRules = (
			);
			dependencies = (
			);
			name = ESTabViewDemo;
			productName = ESTabViewDemo;
			productReference = 6ED4533E1CA4286F00299A59 /* ESTabViewDemo.app */;
			productType = "com.apple.product-type.application";
		};
/* End PBXNativeTarget section */

/* Begin PBXProject section */
		6ED453361CA4286F00299A59 /* Project object */ = {
			isa = PBXProject;
			attributes = {
				LastUpgradeCheck = 0720;
				ORGANIZATIONNAME = "云之彼端";
				TargetAttributes = {
					6ED4533D1CA4286F00299A59 = {
						CreatedOnToolsVersion = 7.2;
					};
				};
			};
			buildConfigurationList = 6ED453391CA4286F00299A59 /* Build configuration list for PBXProject "ESTabViewDemo" */;
			compatibilityVersion = "Xcode 3.2";
			developmentRegion = English;
			hasScannedForEncodings = 0;
			knownRegions = (
				en,
				Base,
			);
			mainGroup = 6ED453351CA4286F00299A59;
			productRefGroup = 6ED4533F1CA4286F00299A59 /* Products */;
			projectDirPath = "";
			projectRoot = "";
			targets = (
				6ED4533D1CA4286F00299A59 /* ESTabViewDemo */,
			);
		};
/* End PBXProject section */

/* Begin PBXResourcesBuildPhase section */
		6ED4533C1CA4286F00299A59 /* Resources */ = {
			isa = PBXResourcesBuildPhase;
			buildActionMask = 2147483647;
			files = (
				6ED453511CA4286F00299A59 /* LaunchScreen.storyboard in Resources */,
				6ED4534E1CA4286F00299A59 /* Assets.xcassets in Resources */,
				6ED4534C1CA4286F00299A59 /* Main.storyboard in Resources */,
			);
			runOnlyForDeploymentPostprocessing = 0;
		};
/* End PBXResourcesBuildPhase section */

/* Begin PBXSourcesBuildPhase section */
		6ED4533A1CA4286F00299A59 /* Sources */ = {
			isa = PBXSourcesBuildPhase;
			buildActionMask = 2147483647;
			files = (
				6ED453491CA4286F00299A59 /* ViewController.m in Sources */,
				6ED4535C1CA4288D00299A59 /* ESTabBar.m in Sources */,
				6ED4535D1CA4288D00299A59 /* ESTabView.m in Sources */,
				6ED453461CA4286F00299A59 /* AppDelegate.m in Sources */,
				6ED453431CA4286F00299A59 /* main.m in Sources */,
			);
			runOnlyForDeploymentPostprocessing = 0;
		};
/* End PBXSourcesBuildPhase section */

/* Begin PBXVariantGroup section */
		6ED4534A1CA4286F00299A59 /* Main.storyboard */ = {
			isa = PBXVariantGroup;
			children = (
				6ED4534B1CA4286F00299A59 /* Base */,
			);
			name = Main.storyboard;
			sourceTree = "<group>";
		};
		6ED4534F1CA4286F00299A59 /* LaunchScreen.storyboard */ = {
			isa = PBXVariantGroup;
			children = (
				6ED453501CA4286F00299A59 /* Base */,
			);
			name = LaunchScreen.storyboard;
			sourceTree = "<group>";
		};
/* End PBXVariantGroup section */

/* Begin XCBuildConfiguration section */
		6ED453531CA4286F00299A59 /* Debug */ = {
			isa = XCBuildConfiguration;
			buildSettings = {
				ALWAYS_SEARCH_USER_PATHS = NO;
				CLANG_CXX_LANGUAGE_STANDARD = "gnu++0x";
				CLANG_CXX_LIBRARY = "libc++";
				CLANG_ENABLE_MODULES = YES;
				CLANG_ENABLE_OBJC_ARC = YES;
				CLANG_WARN_BOOL_CONVERSION = YES;
				CLANG_WARN_CONSTANT_CONVERSION = YES;
				CLANG_WARN_DIRECT_OBJC_ISA_USAGE = YES_ERROR;
				CLANG_WARN_EMPTY_BODY = YES;
				CLANG_WARN_ENUM_CONVERSION = YES;
				CLANG_WARN_INT_CONVERSION = YES;
				CLANG_WARN_OBJC_ROOT_CLASS = YES_ERROR;
				CLANG_WARN_UNREACHABLE_CODE = YES;
				CLANG_WARN__DUPLICATE_METHOD_MATCH = YES;
				"CODE_SIGN_IDENTITY[sdk=iphoneos*]" = "iPhone Developer";
				COPY_PHASE_STRIP = NO;
				DEBUG_INFORMATION_FORMAT = dwarf;
				ENABLE_STRICT_OBJC_MSGSEND = YES;
				ENABLE_TESTABILITY = YES;
				GCC_C_LANGUAGE_STANDARD = gnu99;
				GCC_DYNAMIC_NO_PIC = NO;
				GCC_NO_COMMON_BLOCKS = YES;
				GCC_OPTIMIZATION_LEVEL = 0;
				GCC_PREPROCESSOR_DEFINITIONS = (
					"DEBUG=1",
					"$(inherited)",
				);
				GCC_WARN_64_TO_32_BIT_CONVERSION = YES;
				GCC_WARN_ABOUT_RETURN_TYPE = YES_ERROR;
				GCC_WARN_UNDECLARED_SELECTOR = YES;
				GCC_WARN_UNINITIALIZED_AUTOS = YES_AGGRESSIVE;
				GCC_WARN_UNUSED_FUNCTION = YES;
				GCC_WARN_UNUSED_VARIABLE = YES;
				IPHONEOS_DEPLOYMENT_TARGET = 9.2;
				MTL_ENABLE_DEBUG_INFO = YES;
				ONLY_ACTIVE_ARCH = YES;
				SDKROOT = iphoneos;
			};
			name = Debug;
		};
		6ED453541CA4286F00299A59 /* Release */ = {
			isa = XCBuildConfiguration;
			buildSettings = {
				ALWAYS_SEARCH_USER_PATHS = NO;
				CLANG_CXX_LANGUAGE_STANDARD = "gnu++0x";
				CLANG_CXX_LIBRARY = "libc++";
				CLANG_ENABLE_MODULES = YES;
				CLANG_ENABLE_OBJC_ARC = YES;
				CLANG_WARN_BOOL_CONVERSION = YES;
				CLANG_WARN_CONSTANT_CONVERSION = YES;
				CLANG_WARN_DIRECT_OBJC_ISA_USAGE = YES_ERROR;
				CLANG_WARN_EMPTY_BODY = YES;
				CLANG_WARN_ENUM_CONVERSION = YES;
				CLANG_WARN_INT_CONVERSION = YES;
				CLANG_WARN_OBJC_ROOT_CLASS = YES_ERROR;
				CLANG_WARN_UNREACHABLE_CODE = YES;
				CLANG_WARN__DUPLICATE_METHOD_MATCH = YES;
				"CODE_SIGN_IDENTITY[sdk=iphoneos*]" = "iPhone Developer";
				COPY_PHASE_STRIP = NO;
				DEBUG_INFORMATION_FORMAT = "dwarf-with-dsym";
				ENABLE_NS_ASSERTIONS = NO;
				ENABLE_STRICT_OBJC_MSGSEND = YES;
				GCC_C_LANGUAGE_STANDARD = gnu99;
				GCC_NO_COMMON_BLOCKS = YES;
				GCC_WARN_64_TO_32_BIT_CONVERSION = YES;
				GCC_WARN_ABOUT_RETURN_TYPE = YES_ERROR;
				GCC_WARN_UNDECLARED_SELECTOR = YES;
				GCC_WARN_UNINITIALIZED_AUTOS = YES_AGGRESSIVE;
				GCC_WARN_UNUSED_FUNCTION = YES;
				GCC_WARN_UNUSED_VARIABLE = YES;
				IPHONEOS_DEPLOYMENT_TARGET = 9.2;
				MTL_ENABLE_DEBUG_INFO = NO;
				SDKROOT = iphoneos;
				VALIDATE_PRODUCT = YES;
			};
			name = Release;
		};
		6ED453561CA4286F00299A59 /* Debug */ = {
			isa = XCBuildConfiguration;
			buildSettings = {
				ASSETCATALOG_COMPILER_APPICON_NAME = AppIcon;
				INFOPLIST_FILE = ESTabViewDemo/Info.plist;
				LD_RUNPATH_SEARCH_PATHS = "$(inherited) @executable_path/Frameworks";
				PRODUCT_BUNDLE_IDENTIFIER = com.cezr.ESTabViewDemo;
				PRODUCT_NAME = "$(TARGET_NAME)";
			};
			name = Debug;
		};
		6ED453571CA4286F00299A59 /* Release */ = {
			isa = XCBuildConfiguration;
			buildSettings = {
				ASSETCATALOG_COMPILER_APPICON_NAME = AppIcon;
				INFOPLIST_FILE = ESTabViewDemo/Info.plist;
				LD_RUNPATH_SEARCH_PATHS = "$(inherited) @executable_path/Frameworks";
				PRODUCT_BUNDLE_IDENTIFIER = com.cezr.ESTabViewDemo;
				PRODUCT_NAME = "$(TARGET_NAME)";
			};
			name = Release;
		};
/* End XCBuildConfiguration section */

/* Begin XCConfigurationList section */
		6ED453391CA4286F00299A59 /* Build configuration list for PBXProject "ESTabViewDemo" */ = {
			isa = XCConfigurationList;
			buildConfigurations = (
				6ED453531CA4286F00299A59 /* Debug */,
				6ED453541CA4286F00299A59 /* Release */,
			);
			defaultConfigurationIsVisible = 0;
			defaultConfigurationName = Release;
		};
		6ED453551CA4286F00299A59 /* Build configuration list for PBXNativeTarget "ESTabViewDemo" */ = {
			isa = XCConfigurationList;
			buildConfigurations = (
				6ED453561CA4286F00299A59 /* Debug */,
				6ED453571CA4286F00299A59 /* Release */,
			);
			defaultConfigurationIsVisible = 0;
		};
/* End XCConfigurationList section */
	};
	rootObject = 6ED453361CA4286F00299A59 /* Project object */;
}
