// !$*UTF8*$!
{
	archiveVersion = 1;
	classes = {
	};
	objectVersion = 46;
	objects = {

/* Begin PBXBuildFile section */
		6E5975851D5AC76B00D520E0 /* ESTabView.h in Headers */ = {isa = PBXBuildFile; fileRef = 6E5975841D5AC76B00D520E0 /* ESTabView.h */; settings = {ATTRIBUTES = (Public, ); }; };
		6E5975941D5AC79000D520E0 /* main.m in Sources */ = {isa = PBXBuildFile; fileRef = 6E5975931D5AC79000D520E0 /* main.m */; };
		6E5975971D5AC79000D520E0 /* AppDelegate.m in Sources */ = {isa = PBXBuildFile; fileRef = 6E5975961D5AC79000D520E0 /* AppDelegate.m */; };
		6E59759A1D5AC79000D520E0 /* ViewController.m in Sources */ = {isa = PBXBuildFile; fileRef = 6E5975991D5AC79000D520E0 /* ViewController.m */; };
		6E59759D1D5AC79000D520E0 /* Main.storyboard in Resources */ = {isa = PBXBuildFile; fileRef = 6E59759B1D5AC79000D520E0 /* Main.storyboard */; };
		6E59759F1D5AC79000D520E0 /* Assets.xcassets in Resources */ = {isa = PBXBuildFile; fileRef = 6E59759E1D5AC79000D520E0 /* Assets.xcassets */; };
		6E5975A21D5AC79000D520E0 /* LaunchScreen.storyboard in Resources */ = {isa = PBXBuildFile; fileRef = 6E5975A01D5AC79000D520E0 /* LaunchScreen.storyboard */; };
		6E5975A81D5AC7A100D520E0 /* ESTabView.m in Sources */ = {isa = PBXBuildFile; fileRef = 6E5975A71D5AC7A100D520E0 /* ESTabView.m */; };
		6E5975AB1D5AC7BD00D520E0 /* ESTabBar.h in Headers */ = {isa = PBXBuildFile; fileRef = 6E5975A91D5AC7BD00D520E0 /* ESTabBar.h */; settings = {ATTRIBUTES = (Public, ); }; };
		6E5975AC1D5AC7BD00D520E0 /* ESTabBar.m in Sources */ = {isa = PBXBuildFile; fileRef = 6E5975AA1D5AC7BD00D520E0 /* ESTabBar.m */; };
		6E5975AD1D5AC9E500D520E0 /* ESTabView.framework in Frameworks */ = {isa = PBXBuildFile; fileRef = 6E5975811D5AC76B00D520E0 /* ESTabView.framework */; };
		6E5975AE1D5AC9E500D520E0 /* ESTabView.framework in Embed Frameworks */ = {isa = PBXBuildFile; fileRef = 6E5975811D5AC76B00D520E0 /* ESTabView.framework */; settings = {ATTRIBUTES = (CodeSignOnCopy, RemoveHeadersOnCopy, ); }; };
/* End PBXBuildFile section */

/* Begin PBXContainerItemProxy section */
		6E5975AF1D5AC9E500D520E0 /* PBXContainerItemProxy */ = {
			isa = PBXContainerItemProxy;
			containerPortal = 6E5975781D5AC76B00D520E0 /* Project object */;
			proxyType = 1;
			remoteGlobalIDString = 6E5975801D5AC76B00D520E0;
			remoteInfo = ESTabView;
		};
/* End PBXContainerItemProxy section */

/* Begin PBXCopyFilesBuildPhase section */
		6E5975B11D5AC9E500D520E0 /* Embed Frameworks */ = {
			isa = PBXCopyFilesBuildPhase;
			buildActionMask = 2147483647;
			dstPath = "";
			dstSubfolderSpec = 10;
			files = (
				6E5975AE1D5AC9E500D520E0 /* ESTabView.framework in Embed Frameworks */,
			);
			name = "Embed Frameworks";
			runOnlyForDeploymentPostprocessing = 0;
		};
/* End PBXCopyFilesBuildPhase section */

/* Begin PBXFileReference section */
		6E5975811D5AC76B00D520E0 /* ESTabView.framework */ = {isa = PBXFileReference; explicitFileType = wrapper.framework; includeInIndex = 0; path = ESTabView.framework; sourceTree = BUILT_PRODUCTS_DIR; };
		6E5975841D5AC76B00D520E0 /* ESTabView.h */ = {isa = PBXFileReference; lastKnownFileType = sourcecode.c.h; path = ESTabView.h; sourceTree = "<group>"; };
		6E5975861D5AC76B00D520E0 /* Info.plist */ = {isa = PBXFileReference; lastKnownFileType = text.plist.xml; path = Info.plist; sourceTree = "<group>"; };
		6E5975901D5AC79000D520E0 /* ESTabView Demo.app */ = {isa = PBXFileReference; explicitFileType = wrapper.application; includeInIndex = 0; path = "ESTabView Demo.app"; sourceTree = BUILT_PRODUCTS_DIR; };
		6E5975931D5AC79000D520E0 /* main.m */ = {isa = PBXFileReference; lastKnownFileType = sourcecode.c.objc; path = main.m; sourceTree = "<group>"; };
		6E5975951D5AC79000D520E0 /* AppDelegate.h */ = {isa = PBXFileReference; lastKnownFileType = sourcecode.c.h; path = AppDelegate.h; sourceTree = "<group>"; };
		6E5975961D5AC79000D520E0 /* AppDelegate.m */ = {isa = PBXFileReference; lastKnownFileType = sourcecode.c.objc; path = AppDelegate.m; sourceTree = "<group>"; };
		6E5975981D5AC79000D520E0 /* ViewController.h */ = {isa = PBXFileReference; lastKnownFileType = sourcecode.c.h; path = ViewController.h; sourceTree = "<group>"; };
		6E5975991D5AC79000D520E0 /* ViewController.m */ = {isa = PBXFileReference; lastKnownFileType = sourcecode.c.objc; path = ViewController.m; sourceTree = "<group>"; };
		6E59759C1D5AC79000D520E0 /* Base */ = {isa = PBXFileReference; lastKnownFileType = file.storyboard; name = Base; path = Base.lproj/Main.storyboard; sourceTree = "<group>"; };
		6E59759E1D5AC79000D520E0 /* Assets.xcassets */ = {isa = PBXFileReference; lastKnownFileType = folder.assetcatalog; path = Assets.xcassets; sourceTree = "<group>"; };
		6E5975A11D5AC79000D520E0 /* Base */ = {isa = PBXFileReference; lastKnownFileType = file.storyboard; name = Base; path = Base.lproj/LaunchScreen.storyboard; sourceTree = "<group>"; };
		6E5975A31D5AC79000D520E0 /* Info.plist */ = {isa = PBXFileReference; lastKnownFileType = text.plist.xml; path = Info.plist; sourceTree = "<group>"; };
		6E5975A71D5AC7A100D520E0 /* ESTabView.m */ = {isa = PBXFileReference; fileEncoding = 4; lastKnownFileType = sourcecode.c.objc; path = ESTabView.m; sourceTree = "<group>"; };
		6E5975A91D5AC7BD00D520E0 /* ESTabBar.h */ = {isa = PBXFileReference; fileEncoding = 4; lastKnownFileType = sourcecode.c.h; path = ESTabBar.h; sourceTree = "<group>"; };
		6E5975AA1D5AC7BD00D520E0 /* ESTabBar.m */ = {isa = PBXFileReference; fileEncoding = 4; lastKnownFileType = sourcecode.c.objc; path = ESTabBar.m; sourceTree = "<group>"; };
/* End PBXFileReference section */

/* Begin PBXFrameworksBuildPhase section */
		6E59757D1D5AC76B00D520E0 /* Frameworks */ = {
			isa = PBXFrameworksBuildPhase;
			buildActionMask = 2147483647;
			files = (
			);
			runOnlyForDeploymentPostprocessing = 0;
		};
		6E59758D1D5AC79000D520E0 /* Frameworks */ = {
			isa = PBXFrameworksBuildPhase;
			buildActionMask = 2147483647;
			files = (
				6E5975AD1D5AC9E500D520E0 /* ESTabView.framework in Frameworks */,
			);
			runOnlyForDeploymentPostprocessing = 0;
		};
/* End PBXFrameworksBuildPhase section */

/* Begin PBXGroup section */
		6E5975771D5AC76B00D520E0 = {
			isa = PBXGroup;
			children = (
				6E5975831D5AC76B00D520E0 /* ESTabView */,
				6E5975911D5AC79000D520E0 /* ESTabView Demo */,
				6E5975821D5AC76B00D520E0 /* Products */,
			);
			sourceTree = "<group>";
		};
		6E5975821D5AC76B00D520E0 /* Products */ = {
			isa = PBXGroup;
			children = (
				6E5975811D5AC76B00D520E0 /* ESTabView.framework */,
				6E5975901D5AC79000D520E0 /* ESTabView Demo.app */,
			);
			name = Products;
			sourceTree = "<group>";
		};
		6E5975831D5AC76B00D520E0 /* ESTabView */ = {
			isa = PBXGroup;
			children = (
				6E5975841D5AC76B00D520E0 /* ESTabView.h */,
				6E5975A71D5AC7A100D520E0 /* ESTabView.m */,
				6E5975A91D5AC7BD00D520E0 /* ESTabBar.h */,
				6E5975AA1D5AC7BD00D520E0 /* ESTabBar.m */,
				6E5975861D5AC76B00D520E0 /* Info.plist */,
			);
			path = ESTabView;
			sourceTree = "<group>";
		};
		6E5975911D5AC79000D520E0 /* ESTabView Demo */ = {
			isa = PBXGroup;
			children = (
				6E5975951D5AC79000D520E0 /* AppDelegate.h */,
				6E5975961D5AC79000D520E0 /* AppDelegate.m */,
				6E5975981D5AC79000D520E0 /* ViewController.h */,
				6E5975991D5AC79000D520E0 /* ViewController.m */,
				6E59759B1D5AC79000D520E0 /* Main.storyboard */,
				6E59759E1D5AC79000D520E0 /* Assets.xcassets */,
				6E5975A01D5AC79000D520E0 /* LaunchScreen.storyboard */,
				6E5975A31D5AC79000D520E0 /* Info.plist */,
				6E5975921D5AC79000D520E0 /* Supporting Files */,
			);
			path = "ESTabView Demo";
			sourceTree = "<group>";
		};
		6E5975921D5AC79000D520E0 /* Supporting Files */ = {
			isa = PBXGroup;
			children = (
				6E5975931D5AC79000D520E0 /* main.m */,
			);
			name = "Supporting Files";
			sourceTree = "<group>";
		};
/* End PBXGroup section */

/* Begin PBXHeadersBuildPhase section */
		6E59757E1D5AC76B00D520E0 /* Headers */ = {
			isa = PBXHeadersBuildPhase;
			buildActionMask = 2147483647;
			files = (
				6E5975AB1D5AC7BD00D520E0 /* ESTabBar.h in Headers */,
				6E5975851D5AC76B00D520E0 /* ESTabView.h in Headers */,
			);
			runOnlyForDeploymentPostprocessing = 0;
		};
/* End PBXHeadersBuildPhase section */

/* Begin PBXNativeTarget section */
		6E5975801D5AC76B00D520E0 /* ESTabView */ = {
			isa = PBXNativeTarget;
			buildConfigurationList = 6E5975891D5AC76B00D520E0 /* Build configuration list for PBXNativeTarget "ESTabView" */;
			buildPhases = (
				6E59757C1D5AC76B00D520E0 /* Sources */,
				6E59757D1D5AC76B00D520E0 /* Frameworks */,
				6E59757E1D5AC76B00D520E0 /* Headers */,
				6E59757F1D5AC76B00D520E0 /* Resources */,
			);
			buildRules = (
			);
			dependencies = (
			);
			name = ESTabView;
			productName = ESTabView;
			productReference = 6E5975811D5AC76B00D520E0 /* ESTabView.framework */;
			productType = "com.apple.product-type.framework";
		};
		6E59758F1D5AC79000D520E0 /* ESTabView Demo */ = {
			isa = PBXNativeTarget;
			buildConfigurationList = 6E5975A61D5AC79000D520E0 /* Build configuration list for PBXNativeTarget "ESTabView Demo" */;
			buildPhases = (
				6E59758C1D5AC79000D520E0 /* Sources */,
				6E59758D1D5AC79000D520E0 /* Frameworks */,
				6E59758E1D5AC79000D520E0 /* Resources */,
				6E5975B11D5AC9E500D520E0 /* Embed Frameworks */,
			);
			buildRules = (
			);
			dependencies = (
				6E5975B01D5AC9E500D520E0 /* PBXTargetDependency */,
			);
			name = "ESTabView Demo";
			productName = "ESTabView Demo";
			productReference = 6E5975901D5AC79000D520E0 /* ESTabView Demo.app */;
			productType = "com.apple.product-type.application";
		};
/* End PBXNativeTarget section */

/* Begin PBXProject section */
		6E5975781D5AC76B00D520E0 /* Project object */ = {
			isa = PBXProject;
			attributes = {
				LastUpgradeCheck = 0730;
				ORGANIZATIONNAME = "云之彼端";
				TargetAttributes = {
					6E5975801D5AC76B00D520E0 = {
						CreatedOnToolsVersion = 7.3.1;
					};
					6E59758F1D5AC79000D520E0 = {
						CreatedOnToolsVersion = 7.3.1;
					};
				};
			};
			buildConfigurationList = 6E59757B1D5AC76B00D520E0 /* Build configuration list for PBXProject "ESTabView" */;
			compatibilityVersion = "Xcode 3.2";
			developmentRegion = English;
			hasScannedForEncodings = 0;
			knownRegions = (
				en,
				Base,
			);
			mainGroup = 6E5975771D5AC76B00D520E0;
			productRefGroup = 6E5975821D5AC76B00D520E0 /* Products */;
			projectDirPath = "";
			projectRoot = "";
			targets = (
				6E5975801D5AC76B00D520E0 /* ESTabView */,
				6E59758F1D5AC79000D520E0 /* ESTabView Demo */,
			);
		};
/* End PBXProject section */

/* Begin PBXResourcesBuildPhase section */
		6E59757F1D5AC76B00D520E0 /* Resources */ = {
			isa = PBXResourcesBuildPhase;
			buildActionMask = 2147483647;
			files = (
			);
			runOnlyForDeploymentPostprocessing = 0;
		};
		6E59758E1D5AC79000D520E0 /* Resources */ = {
			isa = PBXResourcesBuildPhase;
			buildActionMask = 2147483647;
			files = (
				6E5975A21D5AC79000D520E0 /* LaunchScreen.storyboard in Resources */,
				6E59759F1D5AC79000D520E0 /* Assets.xcassets in Resources */,
				6E59759D1D5AC79000D520E0 /* Main.storyboard in Resources */,
			);
			runOnlyForDeploymentPostprocessing = 0;
		};
/* End PBXResourcesBuildPhase section */

/* Begin PBXSourcesBuildPhase section */
		6E59757C1D5AC76B00D520E0 /* Sources */ = {
			isa = PBXSourcesBuildPhase;
			buildActionMask = 2147483647;
			files = (
				6E5975A81D5AC7A100D520E0 /* ESTabView.m in Sources */,
				6E5975AC1D5AC7BD00D520E0 /* ESTabBar.m in Sources */,
			);
			runOnlyForDeploymentPostprocessing = 0;
		};
		6E59758C1D5AC79000D520E0 /* Sources */ = {
			isa = PBXSourcesBuildPhase;
			buildActionMask = 2147483647;
			files = (
				6E59759A1D5AC79000D520E0 /* ViewController.m in Sources */,
				6E5975971D5AC79000D520E0 /* AppDelegate.m in Sources */,
				6E5975941D5AC79000D520E0 /* main.m in Sources */,
			);
			runOnlyForDeploymentPostprocessing = 0;
		};
/* End PBXSourcesBuildPhase section */

/* Begin PBXTargetDependency section */
		6E5975B01D5AC9E500D520E0 /* PBXTargetDependency */ = {
			isa = PBXTargetDependency;
			target = 6E5975801D5AC76B00D520E0 /* ESTabView */;
			targetProxy = 6E5975AF1D5AC9E500D520E0 /* PBXContainerItemProxy */;
		};
/* End PBXTargetDependency section */

/* Begin PBXVariantGroup section */
		6E59759B1D5AC79000D520E0 /* Main.storyboard */ = {
			isa = PBXVariantGroup;
			children = (
				6E59759C1D5AC79000D520E0 /* Base */,
			);
			name = Main.storyboard;
			sourceTree = "<group>";
		};
		6E5975A01D5AC79000D520E0 /* LaunchScreen.storyboard */ = {
			isa = PBXVariantGroup;
			children = (
				6E5975A11D5AC79000D520E0 /* Base */,
			);
			name = LaunchScreen.storyboard;
			sourceTree = "<group>";
		};
/* End PBXVariantGroup section */

/* Begin XCBuildConfiguration section */
		6E5975871D5AC76B00D520E0 /* Debug */ = {
			isa = XCBuildConfiguration;
			buildSettings = {
				ALWAYS_SEARCH_USER_PATHS = NO;
				CLANG_ANALYZER_NONNULL = YES;
				CLANG_CXX_LANGUAGE_STANDARD = "gnu++0x";
				CLANG_CXX_LIBRARY = "libc++";
				CLANG_ENABLE_MODULES = YES;
				CLANG_ENABLE_OBJC_ARC = YES;
				CLANG_WARN_BOOL_CONVERSION = YES;
				CLANG_WARN_CONSTANT_CONVERSION = YES;
				CLANG_WARN_DIRECT_OBJC_ISA_USAGE = YES_ERROR;
				CLANG_WARN_EMPTY_BODY = YES;
				CLANG_WARN_ENUM_CONVERSION = YES;
				CLANG_WARN_INT_CONVERSION = YES;
				CLANG_WARN_OBJC_ROOT_CLASS = YES_ERROR;
				CLANG_WARN_UNREACHABLE_CODE = YES;
				CLANG_WARN__DUPLICATE_METHOD_MATCH = YES;
				"CODE_SIGN_IDENTITY[sdk=iphoneos*]" = "iPhone Developer";
				COPY_PHASE_STRIP = NO;
				CURRENT_PROJECT_VERSION = 1;
				DEBUG_INFORMATION_FORMAT = dwarf;
				ENABLE_STRICT_OBJC_MSGSEND = YES;
				ENABLE_TESTABILITY = YES;
				GCC_C_LANGUAGE_STANDARD = gnu99;
				GCC_DYNAMIC_NO_PIC = NO;
				GCC_NO_COMMON_BLOCKS = YES;
				GCC_OPTIMIZATION_LEVEL = 0;
				GCC_PREPROCESSOR_DEFINITIONS = (
					"DEBUG=1",
					"$(inherited)",
				);
				GCC_WARN_64_TO_32_BIT_CONVERSION = YES;
				GCC_WARN_ABOUT_RETURN_TYPE = YES_ERROR;
				GCC_WARN_UNDECLARED_SELECTOR = YES;
				GCC_WARN_UNINITIALIZED_AUTOS = YES_AGGRESSIVE;
				GCC_WARN_UNUSED_FUNCTION = YES;
				GCC_WARN_UNUSED_VARIABLE = YES;
				IPHONEOS_DEPLOYMENT_TARGET = 9.3;
				MTL_ENABLE_DEBUG_INFO = YES;
				ONLY_ACTIVE_ARCH = YES;
				SDKROOT = iphoneos;
				TARGETED_DEVICE_FAMILY = "1,2";
				VERSIONING_SYSTEM = "apple-generic";
				VERSION_INFO_PREFIX = "";
			};
			name = Debug;
		};
		6E5975881D5AC76B00D520E0 /* Release */ = {
			isa = XCBuildConfiguration;
			buildSettings = {
				ALWAYS_SEARCH_USER_PATHS = NO;
				CLANG_ANALYZER_NONNULL = YES;
				CLANG_CXX_LANGUAGE_STANDARD = "gnu++0x";
				CLANG_CXX_LIBRARY = "libc++";
				CLANG_ENABLE_MODULES = YES;
				CLANG_ENABLE_OBJC_ARC = YES;
				CLANG_WARN_BOOL_CONVERSION = YES;
				CLANG_WARN_CONSTANT_CONVERSION = YES;
				CLANG_WARN_DIRECT_OBJC_ISA_USAGE = YES_ERROR;
				CLANG_WARN_EMPTY_BODY = YES;
				CLANG_WARN_ENUM_CONVERSION = YES;
				CLANG_WARN_INT_CONVERSION = YES;
				CLANG_WARN_OBJC_ROOT_CLASS = YES_ERROR;
				CLANG_WARN_UNREACHABLE_CODE = YES;
				CLANG_WARN__DUPLICATE_METHOD_MATCH = YES;
				"CODE_SIGN_IDENTITY[sdk=iphoneos*]" = "iPhone Developer";
				COPY_PHASE_STRIP = NO;
				CURRENT_PROJECT_VERSION = 1;
				DEBUG_INFORMATION_FORMAT = "dwarf-with-dsym";
				ENABLE_NS_ASSERTIONS = NO;
				ENABLE_STRICT_OBJC_MSGSEND = YES;
				GCC_C_LANGUAGE_STANDARD = gnu99;
				GCC_NO_COMMON_BLOCKS = YES;
				GCC_WARN_64_TO_32_BIT_CONVERSION = YES;
				GCC_WARN_ABOUT_RETURN_TYPE = YES_ERROR;
				GCC_WARN_UNDECLARED_SELECTOR = YES;
				GCC_WARN_UNINITIALIZED_AUTOS = YES_AGGRESSIVE;
				GCC_WARN_UNUSED_FUNCTION = YES;
				GCC_WARN_UNUSED_VARIABLE = YES;
				IPHONEOS_DEPLOYMENT_TARGET = 9.3;
				MTL_ENABLE_DEBUG_INFO = NO;
				SDKROOT = iphoneos;
				TARGETED_DEVICE_FAMILY = "1,2";
				VALIDATE_PRODUCT = YES;
				VERSIONING_SYSTEM = "apple-generic";
				VERSION_INFO_PREFIX = "";
			};
			name = Release;
		};
		6E59758A1D5AC76B00D520E0 /* Debug */ = {
			isa = XCBuildConfiguration;
			buildSettings = {
				DEFINES_MODULE = YES;
				DYLIB_COMPATIBILITY_VERSION = 1;
				DYLIB_CURRENT_VERSION = 1;
				DYLIB_INSTALL_NAME_BASE = "@rpath";
				INFOPLIST_FILE = ESTabView/Info.plist;
				INSTALL_PATH = "$(LOCAL_LIBRARY_DIR)/Frameworks";
				LD_RUNPATH_SEARCH_PATHS = "$(inherited) @executable_path/Frameworks @loader_path/Frameworks";
				PRODUCT_BUNDLE_IDENTIFIER = com.cezr.ESTabView;
				PRODUCT_NAME = "$(TARGET_NAME)";
				SKIP_INSTALL = YES;
			};
			name = Debug;
		};
		6E59758B1D5AC76B00D520E0 /* Release */ = {
			isa = XCBuildConfiguration;
			buildSettings = {
				DEFINES_MODULE = YES;
				DYLIB_COMPATIBILITY_VERSION = 1;
				DYLIB_CURRENT_VERSION = 1;
				DYLIB_INSTALL_NAME_BASE = "@rpath";
				INFOPLIST_FILE = ESTabView/Info.plist;
				INSTALL_PATH = "$(LOCAL_LIBRARY_DIR)/Frameworks";
				LD_RUNPATH_SEARCH_PATHS = "$(inherited) @executable_path/Frameworks @loader_path/Frameworks";
				PRODUCT_BUNDLE_IDENTIFIER = com.cezr.ESTabView;
				PRODUCT_NAME = "$(TARGET_NAME)";
				SKIP_INSTALL = YES;
			};
			name = Release;
		};
		6E5975A41D5AC79000D520E0 /* Debug */ = {
			isa = XCBuildConfiguration;
			buildSettings = {
				ASSETCATALOG_COMPILER_APPICON_NAME = AppIcon;
				INFOPLIST_FILE = "ESTabView Demo/Info.plist";
				LD_RUNPATH_SEARCH_PATHS = "$(inherited) @executable_path/Frameworks";
				PRODUCT_BUNDLE_IDENTIFIER = "com.cezr.ESTabView-Demo";
				PRODUCT_NAME = "$(TARGET_NAME)";
			};
			name = Debug;
		};
		6E5975A51D5AC79000D520E0 /* Release */ = {
			isa = XCBuildConfiguration;
			buildSettings = {
				ASSETCATALOG_COMPILER_APPICON_NAME = AppIcon;
				INFOPLIST_FILE = "ESTabView Demo/Info.plist";
				LD_RUNPATH_SEARCH_PATHS = "$(inherited) @executable_path/Frameworks";
				PRODUCT_BUNDLE_IDENTIFIER = "com.cezr.ESTabView-Demo";
				PRODUCT_NAME = "$(TARGET_NAME)";
			};
			name = Release;
		};
/* End XCBuildConfiguration section */

/* Begin XCConfigurationList section */
		6E59757B1D5AC76B00D520E0 /* Build configuration list for PBXProject "ESTabView" */ = {
			isa = XCConfigurationList;
			buildConfigurations = (
				6E5975871D5AC76B00D520E0 /* Debug */,
				6E5975881D5AC76B00D520E0 /* Release */,
			);
			defaultConfigurationIsVisible = 0;
			defaultConfigurationName = Release;
		};
		6E5975891D5AC76B00D520E0 /* Build configuration list for PBXNativeTarget "ESTabView" */ = {
			isa = XCConfigurationList;
			buildConfigurations = (
				6E59758A1D5AC76B00D520E0 /* Debug */,
				6E59758B1D5AC76B00D520E0 /* Release */,
			);
			defaultConfigurationIsVisible = 0;
			defaultConfigurationName = Release;
		};
		6E5975A61D5AC79000D520E0 /* Build configuration list for PBXNativeTarget "ESTabView Demo" */ = {
			isa = XCConfigurationList;
			buildConfigurations = (
				6E5975A41D5AC79000D520E0 /* Debug */,
				6E5975A51D5AC79000D520E0 /* Release */,
			);
			defaultConfigurationIsVisible = 0;
		};
/* End XCConfigurationList section */
	};
	rootObject = 6E5975781D5AC76B00D520E0 /* Project object */;
}
